
Microsoft Visual Studio Solution File, Format Version 12.00
# Visual Studio Version 16
VisualStudioVersion = 16.0.30104.148
MinimumVisualStudioVersion = 10.0.40219.1
Project("{FAE04EC0-301F-11D3-BF4B-00C04F79EFBC}") = "ConsoleApp1", "ConsoleApp1\ConsoleApp1.csproj", "{4BD81212-4813-4A87-86CF-A078BA9F6A0A}"
EndProject
Global
	GlobalSection(SolutionConfigurationPlatforms) = preSolution
		Debug|Any CPU = Debug|Any CPU
		Release|Any CPU = Release|Any CPU
	EndGlobalSection
	GlobalSection(ProjectConfigurationPlatforms) = postSolution
		{4BD81212-4813-4A87-86CF-A078BA9F6A0A}.Debug|Any CPU.ActiveCfg = Debug|Any CPU
		{4BD81212-4813-4A87-86CF-A078BA9F6A0A}.Debug|Any CPU.Build.0 = Debug|Any CPU
		{4BD81212-4813-4A87-86CF-A078BA9F6A0A}.Release|Any CPU.ActiveCfg = Release|Any CPU
		{4BD81212-4813-4A87-86CF-A078BA9F6A0A}.Release|Any CPU.Build.0 = Release|Any CPU
	EndGlobalSection
	GlobalSection(SolutionProperties) = preSolution
		HideSolutionNode = FALSE
	EndGlobalSection
	GlobalSection(ExtensibilityGlobals) = postSolution
		SolutionGuid = {B5D66B9A-9581-42B3-B5F9-A7089BE09658}
	EndGlobalSection
EndGlobal
